
Microsoft Visual Studio Solution File, Format Version 12.00
# Visual Studio Version 16
VisualStudioVersion = 16.0.29613.14
MinimumVisualStudioVersion = 10.0.40219.1
Project("{9A19103F-16F7-4668-BE54-9A1E7A4F7556}") = "NetCoreStudy", "NetCoreStudy\NetCoreStudy.csproj", "{7891F5EC-01F6-46CF-95DD-520203275F4C}"
EndProject
Project("{2150E333-8FDC-42A3-9474-1A3956D46DE8}") = "test", "test", "{32B87185-5427-4189-A183-87F2F00AD4C3}"
EndProject
Project("{2150E333-8FDC-42A3-9474-1A3956D46DE8}") = "src", "src", "{6503BCBE-45D5-496E-A2D9-B75772EDC13D}"
EndProject
Project("{9A19103F-16F7-4668-BE54-9A1E7A4F7556}") = "AspectCoreStudy", "AspectCoreStudy\AspectCoreStudy.csproj", "{C34F60AD-81EE-4151-84A4-DBCCEF255822}"
EndProject
Project("{9A19103F-16F7-4668-BE54-9A1E7A4F7556}") = "AspectCoreUnitTest", "AspectCoreUnitTest\AspectCoreUnitTest.csproj", "{82C87477-1DAD-46A3-8591-BEAB0E53C9E3}"
EndProject
Project("{9A19103F-16F7-4668-BE54-9A1E7A4F7556}") = "AspectcoreBenchmark", "AspectcoreBenchmark\AspectcoreBenchmark.csproj", "{877F46F8-CFF0-4A6F-99EB-CFE082179F95}"
EndProject
Project("{9A19103F-16F7-4668-BE54-9A1E7A4F7556}") = "EmitStudy", "EmitStudy\EmitStudy.csproj", "{463403CB-BBB0-46B8-AD36-4688B8FD41D9}"
EndProject
Project("{9A19103F-16F7-4668-BE54-9A1E7A4F7556}") = "MVCStudy", "MVCStudy\MVCStudy.csproj", "{1260A268-185E-449B-A578-D62084D49A16}"
EndProject
Project("{9A19103F-16F7-4668-BE54-9A1E7A4F7556}") = "BenStudy", "BenStrudy\BenStudy.csproj", "{456440EC-B213-41DC-BB8F-46EE2328E388}"
EndProject
Project("{9A19103F-16F7-4668-BE54-9A1E7A4F7556}") = "MLTest", "MLTest\MLTest.csproj", "{0873355C-A188-41C7-847B-0CEA76C2E1A8}"
EndProject
Project("{9A19103F-16F7-4668-BE54-9A1E7A4F7556}") = "CSScriptTest", "CSScriptTest\CSScriptTest.csproj", "{99E83C77-8CA1-44E7-9150-6BC46266B9F3}"
EndProject
Project("{9A19103F-16F7-4668-BE54-9A1E7A4F7556}") = "ThreadStudy", "ThreadStudy\ThreadStudy.csproj", "{7CDE7BB2-F27E-48DB-845E-544189353203}"
EndProject
Project("{9A19103F-16F7-4668-BE54-9A1E7A4F7556}") = "MinioTest", "MinioTest\MinioTest.csproj", "{94BE4441-C8A5-476C-AD1C-DB1D3BD3A129}"
EndProject
Project("{FAE04EC0-301F-11D3-BF4B-00C04F79EFBC}") = "HostProcess", "HostProcess\HostProcess.csproj", "{A79EC123-8117-4EBB-8CA5-035A998D76BA}"
EndProject
Global
	GlobalSection(SolutionConfigurationPlatforms) = preSolution
		Debug|Any CPU = Debug|Any CPU
		Release|Any CPU = Release|Any CPU
	EndGlobalSection
	GlobalSection(ProjectConfigurationPlatforms) = postSolution
		{7891F5EC-01F6-46CF-95DD-520203275F4C}.Debug|Any CPU.ActiveCfg = Debug|Any CPU
		{7891F5EC-01F6-46CF-95DD-520203275F4C}.Debug|Any CPU.Build.0 = Debug|Any CPU
		{7891F5EC-01F6-46CF-95DD-520203275F4C}.Release|Any CPU.ActiveCfg = Release|Any CPU
		{7891F5EC-01F6-46CF-95DD-520203275F4C}.Release|Any CPU.Build.0 = Release|Any CPU
		{C34F60AD-81EE-4151-84A4-DBCCEF255822}.Debug|Any CPU.ActiveCfg = Debug|Any CPU
		{C34F60AD-81EE-4151-84A4-DBCCEF255822}.Debug|Any CPU.Build.0 = Debug|Any CPU
		{C34F60AD-81EE-4151-84A4-DBCCEF255822}.Release|Any CPU.ActiveCfg = Release|Any CPU
		{C34F60AD-81EE-4151-84A4-DBCCEF255822}.Release|Any CPU.Build.0 = Release|Any CPU
		{82C87477-1DAD-46A3-8591-BEAB0E53C9E3}.Debug|Any CPU.ActiveCfg = Debug|Any CPU
		{82C87477-1DAD-46A3-8591-BEAB0E53C9E3}.Debug|Any CPU.Build.0 = Debug|Any CPU
		{82C87477-1DAD-46A3-8591-BEAB0E53C9E3}.Release|Any CPU.ActiveCfg = Release|Any CPU
		{82C87477-1DAD-46A3-8591-BEAB0E53C9E3}.Release|Any CPU.Build.0 = Release|Any CPU
		{877F46F8-CFF0-4A6F-99EB-CFE082179F95}.Debug|Any CPU.ActiveCfg = Debug|Any CPU
		{877F46F8-CFF0-4A6F-99EB-CFE082179F95}.Debug|Any CPU.Build.0 = Debug|Any CPU
		{877F46F8-CFF0-4A6F-99EB-CFE082179F95}.Release|Any CPU.ActiveCfg = Release|Any CPU
		{877F46F8-CFF0-4A6F-99EB-CFE082179F95}.Release|Any CPU.Build.0 = Release|Any CPU
		{463403CB-BBB0-46B8-AD36-4688B8FD41D9}.Debug|Any CPU.ActiveCfg = Debug|Any CPU
		{463403CB-BBB0-46B8-AD36-4688B8FD41D9}.Debug|Any CPU.Build.0 = Debug|Any CPU
		{463403CB-BBB0-46B8-AD36-4688B8FD41D9}.Release|Any CPU.ActiveCfg = Release|Any CPU
		{463403CB-BBB0-46B8-AD36-4688B8FD41D9}.Release|Any CPU.Build.0 = Release|Any CPU
		{1260A268-185E-449B-A578-D62084D49A16}.Debug|Any CPU.ActiveCfg = Debug|Any CPU
		{1260A268-185E-449B-A578-D62084D49A16}.Debug|Any CPU.Build.0 = Debug|Any CPU
		{1260A268-185E-449B-A578-D62084D49A16}.Release|Any CPU.ActiveCfg = Release|Any CPU
		{1260A268-185E-449B-A578-D62084D49A16}.Release|Any CPU.Build.0 = Release|Any CPU
		{456440EC-B213-41DC-BB8F-46EE2328E388}.Debug|Any CPU.ActiveCfg = Debug|Any CPU
		{456440EC-B213-41DC-BB8F-46EE2328E388}.Debug|Any CPU.Build.0 = Debug|Any CPU
		{456440EC-B213-41DC-BB8F-46EE2328E388}.Release|Any CPU.ActiveCfg = Release|Any CPU
		{456440EC-B213-41DC-BB8F-46EE2328E388}.Release|Any CPU.Build.0 = Release|Any CPU
		{0873355C-A188-41C7-847B-0CEA76C2E1A8}.Debug|Any CPU.ActiveCfg = Debug|Any CPU
		{0873355C-A188-41C7-847B-0CEA76C2E1A8}.Debug|Any CPU.Build.0 = Debug|Any CPU
		{0873355C-A188-41C7-847B-0CEA76C2E1A8}.Release|Any CPU.ActiveCfg = Release|Any CPU
		{0873355C-A188-41C7-847B-0CEA76C2E1A8}.Release|Any CPU.Build.0 = Release|Any CPU
		{99E83C77-8CA1-44E7-9150-6BC46266B9F3}.Debug|Any CPU.ActiveCfg = Debug|Any CPU
		{99E83C77-8CA1-44E7-9150-6BC46266B9F3}.Debug|Any CPU.Build.0 = Debug|Any CPU
		{99E83C77-8CA1-44E7-9150-6BC46266B9F3}.Release|Any CPU.ActiveCfg = Release|Any CPU
		{99E83C77-8CA1-44E7-9150-6BC46266B9F3}.Release|Any CPU.Build.0 = Release|Any CPU
		{7CDE7BB2-F27E-48DB-845E-544189353203}.Debug|Any CPU.ActiveCfg = Debug|Any CPU
		{7CDE7BB2-F27E-48DB-845E-544189353203}.Debug|Any CPU.Build.0 = Debug|Any CPU
		{7CDE7BB2-F27E-48DB-845E-544189353203}.Release|Any CPU.ActiveCfg = Release|Any CPU
		{7CDE7BB2-F27E-48DB-845E-544189353203}.Release|Any CPU.Build.0 = Release|Any CPU
		{94BE4441-C8A5-476C-AD1C-DB1D3BD3A129}.Debug|Any CPU.ActiveCfg = Debug|Any CPU
		{94BE4441-C8A5-476C-AD1C-DB1D3BD3A129}.Debug|Any CPU.Build.0 = Debug|Any CPU
		{94BE4441-C8A5-476C-AD1C-DB1D3BD3A129}.Release|Any CPU.ActiveCfg = Release|Any CPU
		{94BE4441-C8A5-476C-AD1C-DB1D3BD3A129}.Release|Any CPU.Build.0 = Release|Any CPU
		{A79EC123-8117-4EBB-8CA5-035A998D76BA}.Debug|Any CPU.ActiveCfg = Debug|Any CPU
		{A79EC123-8117-4EBB-8CA5-035A998D76BA}.Debug|Any CPU.Build.0 = Debug|Any CPU
		{A79EC123-8117-4EBB-8CA5-035A998D76BA}.Release|Any CPU.ActiveCfg = Release|Any CPU
		{A79EC123-8117-4EBB-8CA5-035A998D76BA}.Release|Any CPU.Build.0 = Release|Any CPU
	EndGlobalSection
	GlobalSection(SolutionProperties) = preSolution
		HideSolutionNode = FALSE
	EndGlobalSection
	GlobalSection(NestedProjects) = preSolution
		{C34F60AD-81EE-4151-84A4-DBCCEF255822} = {6503BCBE-45D5-496E-A2D9-B75772EDC13D}
		{82C87477-1DAD-46A3-8591-BEAB0E53C9E3} = {32B87185-5427-4189-A183-87F2F00AD4C3}
		{877F46F8-CFF0-4A6F-99EB-CFE082179F95} = {32B87185-5427-4189-A183-87F2F00AD4C3}
		{463403CB-BBB0-46B8-AD36-4688B8FD41D9} = {6503BCBE-45D5-496E-A2D9-B75772EDC13D}
		{1260A268-185E-449B-A578-D62084D49A16} = {6503BCBE-45D5-496E-A2D9-B75772EDC13D}
		{456440EC-B213-41DC-BB8F-46EE2328E388} = {6503BCBE-45D5-496E-A2D9-B75772EDC13D}
		{0873355C-A188-41C7-847B-0CEA76C2E1A8} = {6503BCBE-45D5-496E-A2D9-B75772EDC13D}
		{99E83C77-8CA1-44E7-9150-6BC46266B9F3} = {6503BCBE-45D5-496E-A2D9-B75772EDC13D}
		{7CDE7BB2-F27E-48DB-845E-544189353203} = {6503BCBE-45D5-496E-A2D9-B75772EDC13D}
		{94BE4441-C8A5-476C-AD1C-DB1D3BD3A129} = {6503BCBE-45D5-496E-A2D9-B75772EDC13D}
		{A79EC123-8117-4EBB-8CA5-035A998D76BA} = {6503BCBE-45D5-496E-A2D9-B75772EDC13D}
	EndGlobalSection
	GlobalSection(ExtensibilityGlobals) = postSolution
		SolutionGuid = {C4A61CB2-9387-4B63-B66E-41E6B21D9BB9}
	EndGlobalSection
EndGlobal
